// !$*UTF8*$!
{
	archiveVersion = 1;
	classes = {
	};
	objectVersion = 46;
	objects = {

/* Begin PBXBuildFile section */
		B03715D21787899100C7ABB6 /* preferences.json in Resources */ = {isa = PBXBuildFile; fileRef = B03715D11787899100C7ABB6 /* preferences.json */; };
		B0475EC1178B7A4C00D0C606 /* bodymedia.png in Resources */ = {isa = PBXBuildFile; fileRef = B0475E83178B7A4C00D0C606 /* bodymedia.png */; };
		B0475EC2178B7A4C00D0C606 /* calvintage.jpg in Resources */ = {isa = PBXBuildFile; fileRef = B0475E84178B7A4C00D0C606 /* calvintage.jpg */; };
		B0475EC3178B7A4C00D0C606 /* checkbox.png in Resources */ = {isa = PBXBuildFile; fileRef = B0475E85178B7A4C00D0C606 /* checkbox.png */; };
		B0475EC4178B7A4C00D0C606 /* color_blues.jpg in Resources */ = {isa = PBXBuildFile; fileRef = B0475E87178B7A4C00D0C606 /* color_blues.jpg */; };
		B0475EC5178B7A4C00D0C606 /* color_greens.jpg in Resources */ = {isa = PBXBuildFile; fileRef = B0475E88178B7A4C00D0C606 /* color_greens.jpg */; };
		B0475EC6178B7A4C00D0C606 /* dropbox.png in Resources */ = {isa = PBXBuildFile; fileRef = B0475E89178B7A4C00D0C606 /* dropbox.png */; };
		B0475EC7178B7A4C00D0C606 /* email.png in Resources */ = {isa = PBXBuildFile; fileRef = B0475E8A178B7A4C00D0C606 /* email.png */; };
		B0475EC8178B7A4C00D0C606 /* facebook.png in Resources */ = {isa = PBXBuildFile; fileRef = B0475E8B178B7A4C00D0C606 /* facebook.png */; };
		B0475EC9178B7A4C00D0C606 /* female.png in Resources */ = {isa = PBXBuildFile; fileRef = B0475E8C178B7A4C00D0C606 /* female.png */; };
		B0475ECA178B7A4C00D0C606 /* fitbit.png in Resources */ = {isa = PBXBuildFile; fileRef = B0475E8D178B7A4C00D0C606 /* fitbit.png */; };
		B0475ECB178B7A4C00D0C606 /* flickr.png in Resources */ = {isa = PBXBuildFile; fileRef = B0475E8E178B7A4C00D0C606 /* flickr.png */; };
		B0475ECC178B7A4C00D0C606 /* floral.jpg in Resources */ = {isa = PBXBuildFile; fileRef = B0475E8F178B7A4C00D0C606 /* floral.jpg */; };
		B0475ECD178B7A4C00D0C606 /* flowery.jpg in Resources */ = {isa = PBXBuildFile; fileRef = B0475E90178B7A4C00D0C606 /* flowery.jpg */; };
		B0475ECE178B7A4C00D0C606 /* foursquare.png in Resources */ = {isa = PBXBuildFile; fileRef = B0475E91178B7A4C00D0C606 /* foursquare.png */; };
		B0475ECF178B7A4C00D0C606 /* github.png in Resources */ = {isa = PBXBuildFile; fileRef = B0475E92178B7A4C00D0C606 /* github.png */; };
		B0475ED0178B7A4C00D0C606 /* gmail.png in Resources */ = {isa = PBXBuildFile; fileRef = B0475E93178B7A4C00D0C606 /* gmail.png */; };
		B0475ED1178B7A4C00D0C606 /* instagram.png in Resources */ = {isa = PBXBuildFile; fileRef = B0475E94178B7A4C00D0C606 /* instagram.png */; };
		B0475ED2178B7A4C00D0C606 /* karinala.jpg in Resources */ = {isa = PBXBuildFile; fileRef = B0475E95178B7A4C00D0C606 /* karinala.jpg */; };
		B0475ED3178B7A4C00D0C606 /* karinala1.jpg in Resources */ = {isa = PBXBuildFile; fileRef = B0475E96178B7A4C00D0C606 /* karinala1.jpg */; };
		B0475ED4178B7A4C00D0C606 /* linkedin.png in Resources */ = {isa = PBXBuildFile; fileRef = B0475E97178B7A4C00D0C606 /* linkedin.png */; };
		B0475ED5178B7A4C00D0C606 /* fastfashion.jpg in Resources */ = {isa = PBXBuildFile; fileRef = B0475E99178B7A4C00D0C606 /* fastfashion.jpg */; };
		B0475ED6178B7A4C00D0C606 /* fastfashion1.jpg in Resources */ = {isa = PBXBuildFile; fileRef = B0475E9A178B7A4C00D0C606 /* fastfashion1.jpg */; };
		B0475ED7178B7A4C00D0C606 /* highstreet.jpg in Resources */ = {isa = PBXBuildFile; fileRef = B0475E9B178B7A4C00D0C606 /* highstreet.jpg */; };
		B0475ED8178B7A4C00D0C606 /* highstreet1.jpg in Resources */ = {isa = PBXBuildFile; fileRef = B0475E9C178B7A4C00D0C606 /* highstreet1.jpg */; };
		B0475ED9178B7A4C00D0C606 /* indidesigner.jpg in Resources */ = {isa = PBXBuildFile; fileRef = B0475E9D178B7A4C00D0C606 /* indidesigner.jpg */; };
		B0475EDA178B7A4C00D0C606 /* indidesigner1.jpg in Resources */ = {isa = PBXBuildFile; fileRef = B0475E9E178B7A4C00D0C606 /* indidesigner1.jpg */; };
		B0475EDB178B7A4C00D0C606 /* luxurybrands.jpg in Resources */ = {isa = PBXBuildFile; fileRef = B0475E9F178B7A4C00D0C606 /* luxurybrands.jpg */; };
		B0475EDC178B7A4C00D0C606 /* luxurybrands1.jpg in Resources */ = {isa = PBXBuildFile; fileRef = B0475EA0178B7A4C00D0C606 /* luxurybrands1.jpg */; };
		B0475EDD178B7A4C00D0C606 /* male.png in Resources */ = {isa = PBXBuildFile; fileRef = B0475EA1178B7A4C00D0C606 /* male.png */; };
		B0475EDE178B7A4C00D0C606 /* minus.png in Resources */ = {isa = PBXBuildFile; fileRef = B0475EA2178B7A4C00D0C606 /* minus.png */; };
		B0475EDF178B7A4C00D0C606 /* nav-shadow.png in Resources */ = {isa = PBXBuildFile; fileRef = B0475EA3178B7A4C00D0C606 /* nav-shadow.png */; };
		B0475EE0178B7A4C00D0C606 /* print.jpg in Resources */ = {isa = PBXBuildFile; fileRef = B0475EA4178B7A4C00D0C606 /* print.jpg */; };
		B0475EE1178B7A4C00D0C606 /* rose.jpg in Resources */ = {isa = PBXBuildFile; fileRef = B0475EA5178B7A4C00D0C606 /* rose.jpg */; };
		B0475EE2178B7A4C00D0C606 /* runkeeper.png in Resources */ = {isa = PBXBuildFile; fileRef = B0475EA6178B7A4C00D0C606 /* runkeeper.png */; };
		B0475EE3178B7A4C00D0C606 /* sfstyle.jpg in Resources */ = {isa = PBXBuildFile; fileRef = B0475EA7178B7A4C00D0C606 /* sfstyle.jpg */; };
		B0475EE4178B7A4C00D0C606 /* sfstyle1.jpg in Resources */ = {isa = PBXBuildFile; fileRef = B0475EA8178B7A4C00D0C606 /* sfstyle1.jpg */; };
		B0475EE5178B7A4C00D0C606 /* singly-logo.png in Resources */ = {isa = PBXBuildFile; fileRef = B0475EA9178B7A4C00D0C606 /* singly-logo.png */; };
		B0475EE6178B7A4C00D0C606 /* pants1.png in Resources */ = {isa = PBXBuildFile; fileRef = B0475EAB178B7A4C00D0C606 /* pants1.png */; };
		B0475EE7178B7A4C00D0C606 /* pants2.png in Resources */ = {isa = PBXBuildFile; fileRef = B0475EAC178B7A4C00D0C606 /* pants2.png */; };
		B0475EE8178B7A4C00D0C606 /* shirts_m.png in Resources */ = {isa = PBXBuildFile; fileRef = B0475EAD178B7A4C00D0C606 /* shirts_m.png */; };
		B0475EE9178B7A4C00D0C606 /* shirts_s.png in Resources */ = {isa = PBXBuildFile; fileRef = B0475EAE178B7A4C00D0C606 /* shirts_s.png */; };
		B0475EEA178B7A4C00D0C606 /* shoes1.png in Resources */ = {isa = PBXBuildFile; fileRef = B0475EAF178B7A4C00D0C606 /* shoes1.png */; };
		B0475EEB178B7A4C00D0C606 /* shoes2.png in Resources */ = {isa = PBXBuildFile; fileRef = B0475EB0178B7A4C00D0C606 /* shoes2.png */; };
		B0475EEC178B7A4C00D0C606 /* 100px.png in Resources */ = {isa = PBXBuildFile; fileRef = B0475EB2178B7A4C00D0C606 /* 100px.png */; };
		B0475EED178B7A4C00D0C606 /* 200px.png in Resources */ = {isa = PBXBuildFile; fileRef = B0475EB3178B7A4C00D0C606 /* 200px.png */; };
		B0475EEE178B7A4C00D0C606 /* 300px.png in Resources */ = {isa = PBXBuildFile; fileRef = B0475EB4178B7A4C00D0C606 /* 300px.png */; };
		B0475EEF178B7A4C00D0C606 /* 400px.png in Resources */ = {isa = PBXBuildFile; fileRef = B0475EB5178B7A4C00D0C606 /* 400px.png */; };
		B0475EF0178B7A4C00D0C606 /* frontpage.jpg in Resources */ = {isa = PBXBuildFile; fileRef = B0475EB6178B7A4C00D0C606 /* frontpage.jpg */; };
		B0475EF1178B7A4C00D0C606 /* next.png in Resources */ = {isa = PBXBuildFile; fileRef = B0475EB7178B7A4C00D0C606 /* next.png */; };
		B0475EF2178B7A4C00D0C606 /* oneclickcheckout.png in Resources */ = {isa = PBXBuildFile; fileRef = B0475EB8178B7A4C00D0C606 /* oneclickcheckout.png */; };
		B0475EF3178B7A4C00D0C606 /* prev.png in Resources */ = {isa = PBXBuildFile; fileRef = B0475EB9178B7A4C00D0C606 /* prev.png */; };
		B0475EF4178B7A4C00D0C606 /* wood_pattern.png in Resources */ = {isa = PBXBuildFile; fileRef = B0475EBA178B7A4C00D0C606 /* wood_pattern.png */; };
		B0475EF5178B7A4C00D0C606 /* tumblr.png in Resources */ = {isa = PBXBuildFile; fileRef = B0475EBB178B7A4C00D0C606 /* tumblr.png */; };
		B0475EF6178B7A4C00D0C606 /* twitter.png in Resources */ = {isa = PBXBuildFile; fileRef = B0475EBC178B7A4C00D0C606 /* twitter.png */; };
		B0475EF7178B7A4C00D0C606 /* withings.png in Resources */ = {isa = PBXBuildFile; fileRef = B0475EBD178B7A4C00D0C606 /* withings.png */; };
		B0475EF8178B7A4C00D0C606 /* wordpress.png in Resources */ = {isa = PBXBuildFile; fileRef = B0475EBE178B7A4C00D0C606 /* wordpress.png */; };
		B0475EF9178B7A4C00D0C606 /* yammer.png in Resources */ = {isa = PBXBuildFile; fileRef = B0475EBF178B7A4C00D0C606 /* yammer.png */; };
		B0475EFA178B7A4C00D0C606 /* zeo.png in Resources */ = {isa = PBXBuildFile; fileRef = B0475EC0178B7A4C00D0C606 /* zeo.png */; };
		B0E3C144178315010035A0AD /* UIKit.framework in Frameworks */ = {isa = PBXBuildFile; fileRef = B0E3C143178315010035A0AD /* UIKit.framework */; };
		B0E3C146178315010035A0AD /* Foundation.framework in Frameworks */ = {isa = PBXBuildFile; fileRef = B0E3C145178315010035A0AD /* Foundation.framework */; };
		B0E3C148178315010035A0AD /* CoreGraphics.framework in Frameworks */ = {isa = PBXBuildFile; fileRef = B0E3C147178315010035A0AD /* CoreGraphics.framework */; };
		B0E3C14E178315010035A0AD /* InfoPlist.strings in Resources */ = {isa = PBXBuildFile; fileRef = B0E3C14C178315010035A0AD /* InfoPlist.strings */; };
		B0E3C150178315020035A0AD /* main.m in Sources */ = {isa = PBXBuildFile; fileRef = B0E3C14F178315010035A0AD /* main.m */; };
		B0E3C154178315020035A0AD /* SPAppDelegate.m in Sources */ = {isa = PBXBuildFile; fileRef = B0E3C153178315020035A0AD /* SPAppDelegate.m */; };
		B0E3C156178315020035A0AD /* Default.png in Resources */ = {isa = PBXBuildFile; fileRef = B0E3C155178315020035A0AD /* Default.png */; };
		B0E3C158178315020035A0AD /* Default@2x.png in Resources */ = {isa = PBXBuildFile; fileRef = B0E3C157178315020035A0AD /* Default@2x.png */; };
		B0E3C15A178315020035A0AD /* Default-568h@2x.png in Resources */ = {isa = PBXBuildFile; fileRef = B0E3C159178315020035A0AD /* Default-568h@2x.png */; };
		B0E3C1641783153E0035A0AD /* StylePopz.m in Sources */ = {isa = PBXBuildFile; fileRef = B0E3C1631783153E0035A0AD /* StylePopz.m */; };
		B0E3C16C17831A260035A0AD /* SPLoginViewController.m in Sources */ = {isa = PBXBuildFile; fileRef = B0E3C16B17831A260035A0AD /* SPLoginViewController.m */; };
		B0E3C18817831B150035A0AD /* bodymedia.png in Resources */ = {isa = PBXBuildFile; fileRef = B0E3C16D17831B150035A0AD /* bodymedia.png */; };
		B0E3C18917831B150035A0AD /* calvintage.jpg in Resources */ = {isa = PBXBuildFile; fileRef = B0E3C16E17831B150035A0AD /* calvintage.jpg */; };
		B0E3C18A17831B150035A0AD /* checkbox.png in Resources */ = {isa = PBXBuildFile; fileRef = B0E3C16F17831B150035A0AD /* checkbox.png */; };
		B0E3C18B17831B150035A0AD /* dropbox.png in Resources */ = {isa = PBXBuildFile; fileRef = B0E3C17017831B150035A0AD /* dropbox.png */; };
		B0E3C18C17831B150035A0AD /* email.png in Resources */ = {isa = PBXBuildFile; fileRef = B0E3C17117831B150035A0AD /* email.png */; };
		B0E3C18D17831B150035A0AD /* facebook.png in Resources */ = {isa = PBXBuildFile; fileRef = B0E3C17217831B150035A0AD /* facebook.png */; };
		B0E3C18E17831B150035A0AD /* female.png in Resources */ = {isa = PBXBuildFile; fileRef = B0E3C17317831B150035A0AD /* female.png */; };
		B0E3C18F17831B150035A0AD /* fitbit.png in Resources */ = {isa = PBXBuildFile; fileRef = B0E3C17417831B150035A0AD /* fitbit.png */; };
		B0E3C19017831B150035A0AD /* flickr.png in Resources */ = {isa = PBXBuildFile; fileRef = B0E3C17517831B150035A0AD /* flickr.png */; };
		B0E3C19117831B150035A0AD /* floral.jpg in Resources */ = {isa = PBXBuildFile; fileRef = B0E3C17617831B150035A0AD /* floral.jpg */; };
		B0E3C19217831B150035A0AD /* flowery.jpg in Resources */ = {isa = PBXBuildFile; fileRef = B0E3C17717831B150035A0AD /* flowery.jpg */; };
		B0E3C19317831B150035A0AD /* foursquare.png in Resources */ = {isa = PBXBuildFile; fileRef = B0E3C17817831B150035A0AD /* foursquare.png */; };
		B0E3C19417831B150035A0AD /* github.png in Resources */ = {isa = PBXBuildFile; fileRef = B0E3C17917831B150035A0AD /* github.png */; };
		B0E3C19517831B150035A0AD /* gmail.png in Resources */ = {isa = PBXBuildFile; fileRef = B0E3C17A17831B150035A0AD /* gmail.png */; };
		B0E3C19617831B150035A0AD /* instagram.png in Resources */ = {isa = PBXBuildFile; fileRef = B0E3C17B17831B150035A0AD /* instagram.png */; };
		B0E3C19717831B150035A0AD /* karinala.jpg in Resources */ = {isa = PBXBuildFile; fileRef = B0E3C17C17831B150035A0AD /* karinala.jpg */; };
		B0E3C19817831B150035A0AD /* karinala1.jpg in Resources */ = {isa = PBXBuildFile; fileRef = B0E3C17D17831B150035A0AD /* karinala1.jpg */; };
		B0E3C19917831B150035A0AD /* linkedin.png in Resources */ = {isa = PBXBuildFile; fileRef = B0E3C17E17831B150035A0AD /* linkedin.png */; };
		B0E3C19A17831B150035A0AD /* male.png in Resources */ = {isa = PBXBuildFile; fileRef = B0E3C17F17831B150035A0AD /* male.png */; };
		B0E3C19B17831B150035A0AD /* minus.png in Resources */ = {isa = PBXBuildFile; fileRef = B0E3C18017831B150035A0AD /* minus.png */; };
		B0E3C19C17831B150035A0AD /* nav-shadow.png in Resources */ = {isa = PBXBuildFile; fileRef = B0E3C18117831B150035A0AD /* nav-shadow.png */; };
		B0E3C19D17831B150035A0AD /* print.jpg in Resources */ = {isa = PBXBuildFile; fileRef = B0E3C18217831B150035A0AD /* print.jpg */; };
		B0E3C19E17831B150035A0AD /* rose.jpg in Resources */ = {isa = PBXBuildFile; fileRef = B0E3C18317831B150035A0AD /* rose.jpg */; };
		B0E3C19F17831B150035A0AD /* runkeeper.png in Resources */ = {isa = PBXBuildFile; fileRef = B0E3C18417831B150035A0AD /* runkeeper.png */; };
		B0E3C1A017831B150035A0AD /* sfstyle.jpg in Resources */ = {isa = PBXBuildFile; fileRef = B0E3C18517831B150035A0AD /* sfstyle.jpg */; };
		B0E3C1A117831B150035A0AD /* sfstyle1.jpg in Resources */ = {isa = PBXBuildFile; fileRef = B0E3C18617831B150035A0AD /* sfstyle1.jpg */; };
		B0E3C1A217831B150035A0AD /* singly-logo.png in Resources */ = {isa = PBXBuildFile; fileRef = B0E3C18717831B150035A0AD /* singly-logo.png */; };
		B0E3C1A917831B1E0035A0AD /* tumblr.png in Resources */ = {isa = PBXBuildFile; fileRef = B0E3C1A317831B1E0035A0AD /* tumblr.png */; };
		B0E3C1AA17831B1E0035A0AD /* twitter.png in Resources */ = {isa = PBXBuildFile; fileRef = B0E3C1A417831B1E0035A0AD /* twitter.png */; };
		B0E3C1AB17831B1E0035A0AD /* withings.png in Resources */ = {isa = PBXBuildFile; fileRef = B0E3C1A517831B1E0035A0AD /* withings.png */; };
		B0E3C1AC17831B1E0035A0AD /* wordpress.png in Resources */ = {isa = PBXBuildFile; fileRef = B0E3C1A617831B1E0035A0AD /* wordpress.png */; };
		B0E3C1AD17831B1E0035A0AD /* yammer.png in Resources */ = {isa = PBXBuildFile; fileRef = B0E3C1A717831B1E0035A0AD /* yammer.png */; };
		B0E3C1AE17831B1E0035A0AD /* zeo.png in Resources */ = {isa = PBXBuildFile; fileRef = B0E3C1A817831B1E0035A0AD /* zeo.png */; };
		B0E3C1B817831B250035A0AD /* 100px.png in Resources */ = {isa = PBXBuildFile; fileRef = B0E3C1AF17831B250035A0AD /* 100px.png */; };
		B0E3C1B917831B250035A0AD /* 200px.png in Resources */ = {isa = PBXBuildFile; fileRef = B0E3C1B017831B250035A0AD /* 200px.png */; };
		B0E3C1BA17831B250035A0AD /* 300px.png in Resources */ = {isa = PBXBuildFile; fileRef = B0E3C1B117831B250035A0AD /* 300px.png */; };
		B0E3C1BB17831B250035A0AD /* 400px.png in Resources */ = {isa = PBXBuildFile; fileRef = B0E3C1B217831B250035A0AD /* 400px.png */; };
		B0E3C1BC17831B250035A0AD /* frontpage.jpg in Resources */ = {isa = PBXBuildFile; fileRef = B0E3C1B317831B250035A0AD /* frontpage.jpg */; };
		B0E3C1BD17831B250035A0AD /* next.png in Resources */ = {isa = PBXBuildFile; fileRef = B0E3C1B417831B250035A0AD /* next.png */; };
		B0E3C1BE17831B250035A0AD /* oneclickcheckout.png in Resources */ = {isa = PBXBuildFile; fileRef = B0E3C1B517831B250035A0AD /* oneclickcheckout.png */; };
		B0E3C1BF17831B250035A0AD /* prev.png in Resources */ = {isa = PBXBuildFile; fileRef = B0E3C1B617831B250035A0AD /* prev.png */; };
		B0E3C1C017831B250035A0AD /* wood_pattern.png in Resources */ = {isa = PBXBuildFile; fileRef = B0E3C1B717831B250035A0AD /* wood_pattern.png */; };
		B0E3C1C317831BF30035A0AD /* SPSettingsEditViewController.m in Sources */ = {isa = PBXBuildFile; fileRef = B0E3C1C217831BF30035A0AD /* SPSettingsEditViewController.m */; };
		B0F2D03F1783433C00106EBB /* QuartzCore.framework in Frameworks */ = {isa = PBXBuildFile; fileRef = B0F2D03E1783433C00106EBB /* QuartzCore.framework */; };
/* End PBXBuildFile section */

/* Begin PBXFileReference section */
		B03715D11787899100C7ABB6 /* preferences.json */ = {isa = PBXFileReference; fileEncoding = 4; lastKnownFileType = text.json; path = preferences.json; sourceTree = "<group>"; };
		B0475E83178B7A4C00D0C606 /* bodymedia.png */ = {isa = PBXFileReference; lastKnownFileType = image.png; path = bodymedia.png; sourceTree = "<group>"; };
		B0475E84178B7A4C00D0C606 /* calvintage.jpg */ = {isa = PBXFileReference; lastKnownFileType = image.jpeg; path = calvintage.jpg; sourceTree = "<group>"; };
		B0475E85178B7A4C00D0C606 /* checkbox.png */ = {isa = PBXFileReference; lastKnownFileType = image.png; path = checkbox.png; sourceTree = "<group>"; };
		B0475E87178B7A4C00D0C606 /* color_blues.jpg */ = {isa = PBXFileReference; lastKnownFileType = image.jpeg; path = color_blues.jpg; sourceTree = "<group>"; };
		B0475E88178B7A4C00D0C606 /* color_greens.jpg */ = {isa = PBXFileReference; lastKnownFileType = image.jpeg; path = color_greens.jpg; sourceTree = "<group>"; };
		B0475E89178B7A4C00D0C606 /* dropbox.png */ = {isa = PBXFileReference; lastKnownFileType = image.png; path = dropbox.png; sourceTree = "<group>"; };
		B0475E8A178B7A4C00D0C606 /* email.png */ = {isa = PBXFileReference; lastKnownFileType = image.png; path = email.png; sourceTree = "<group>"; };
		B0475E8B178B7A4C00D0C606 /* facebook.png */ = {isa = PBXFileReference; lastKnownFileType = image.png; path = facebook.png; sourceTree = "<group>"; };
		B0475E8C178B7A4C00D0C606 /* female.png */ = {isa = PBXFileReference; lastKnownFileType = image.png; path = female.png; sourceTree = "<group>"; };
		B0475E8D178B7A4C00D0C606 /* fitbit.png */ = {isa = PBXFileReference; lastKnownFileType = image.png; path = fitbit.png; sourceTree = "<group>"; };
		B0475E8E178B7A4C00D0C606 /* flickr.png */ = {isa = PBXFileReference; lastKnownFileType = image.png; path = flickr.png; sourceTree = "<group>"; };
		B0475E8F178B7A4C00D0C606 /* floral.jpg */ = {isa = PBXFileReference; lastKnownFileType = image.jpeg; path = floral.jpg; sourceTree = "<group>"; };
		B0475E90178B7A4C00D0C606 /* flowery.jpg */ = {isa = PBXFileReference; lastKnownFileType = image.jpeg; path = flowery.jpg; sourceTree = "<group>"; };
		B0475E91178B7A4C00D0C606 /* foursquare.png */ = {isa = PBXFileReference; lastKnownFileType = image.png; path = foursquare.png; sourceTree = "<group>"; };
		B0475E92178B7A4C00D0C606 /* github.png */ = {isa = PBXFileReference; lastKnownFileType = image.png; path = github.png; sourceTree = "<group>"; };
		B0475E93178B7A4C00D0C606 /* gmail.png */ = {isa = PBXFileReference; lastKnownFileType = image.png; path = gmail.png; sourceTree = "<group>"; };
		B0475E94178B7A4C00D0C606 /* instagram.png */ = {isa = PBXFileReference; lastKnownFileType = image.png; path = instagram.png; sourceTree = "<group>"; };
		B0475E95178B7A4C00D0C606 /* karinala.jpg */ = {isa = PBXFileReference; lastKnownFileType = image.jpeg; path = karinala.jpg; sourceTree = "<group>"; };
		B0475E96178B7A4C00D0C606 /* karinala1.jpg */ = {isa = PBXFileReference; lastKnownFileType = image.jpeg; path = karinala1.jpg; sourceTree = "<group>"; };
		B0475E97178B7A4C00D0C606 /* linkedin.png */ = {isa = PBXFileReference; lastKnownFileType = image.png; path = linkedin.png; sourceTree = "<group>"; };
		B0475E99178B7A4C00D0C606 /* fastfashion.jpg */ = {isa = PBXFileReference; lastKnownFileType = image.jpeg; path = fastfashion.jpg; sourceTree = "<group>"; };
		B0475E9A178B7A4C00D0C606 /* fastfashion1.jpg */ = {isa = PBXFileReference; lastKnownFileType = image.jpeg; path = fastfashion1.jpg; sourceTree = "<group>"; };
		B0475E9B178B7A4C00D0C606 /* highstreet.jpg */ = {isa = PBXFileReference; lastKnownFileType = image.jpeg; path = highstreet.jpg; sourceTree = "<group>"; };
		B0475E9C178B7A4C00D0C606 /* highstreet1.jpg */ = {isa = PBXFileReference; lastKnownFileType = image.jpeg; path = highstreet1.jpg; sourceTree = "<group>"; };
		B0475E9D178B7A4C00D0C606 /* indidesigner.jpg */ = {isa = PBXFileReference; lastKnownFileType = image.jpeg; path = indidesigner.jpg; sourceTree = "<group>"; };
		B0475E9E178B7A4C00D0C606 /* indidesigner1.jpg */ = {isa = PBXFileReference; lastKnownFileType = image.jpeg; path = indidesigner1.jpg; sourceTree = "<group>"; };
		B0475E9F178B7A4C00D0C606 /* luxurybrands.jpg */ = {isa = PBXFileReference; lastKnownFileType = image.jpeg; path = luxurybrands.jpg; sourceTree = "<group>"; };
		B0475EA0178B7A4C00D0C606 /* luxurybrands1.jpg */ = {isa = PBXFileReference; lastKnownFileType = image.jpeg; path = luxurybrands1.jpg; sourceTree = "<group>"; };
		B0475EA1178B7A4C00D0C606 /* male.png */ = {isa = PBXFileReference; lastKnownFileType = image.png; path = male.png; sourceTree = "<group>"; };
		B0475EA2178B7A4C00D0C606 /* minus.png */ = {isa = PBXFileReference; lastKnownFileType = image.png; path = minus.png; sourceTree = "<group>"; };
		B0475EA3178B7A4C00D0C606 /* nav-shadow.png */ = {isa = PBXFileReference; lastKnownFileType = image.png; path = "nav-shadow.png"; sourceTree = "<group>"; };
		B0475EA4178B7A4C00D0C606 /* print.jpg */ = {isa = PBXFileReference; lastKnownFileType = image.jpeg; path = print.jpg; sourceTree = "<group>"; };
		B0475EA5178B7A4C00D0C606 /* rose.jpg */ = {isa = PBXFileReference; lastKnownFileType = image.jpeg; path = rose.jpg; sourceTree = "<group>"; };
		B0475EA6178B7A4C00D0C606 /* runkeeper.png */ = {isa = PBXFileReference; lastKnownFileType = image.png; path = runkeeper.png; sourceTree = "<group>"; };
		B0475EA7178B7A4C00D0C606 /* sfstyle.jpg */ = {isa = PBXFileReference; lastKnownFileType = image.jpeg; path = sfstyle.jpg; sourceTree = "<group>"; };
		B0475EA8178B7A4C00D0C606 /* sfstyle1.jpg */ = {isa = PBXFileReference; lastKnownFileType = image.jpeg; path = sfstyle1.jpg; sourceTree = "<group>"; };
		B0475EA9178B7A4C00D0C606 /* singly-logo.png */ = {isa = PBXFileReference; lastKnownFileType = image.png; path = "singly-logo.png"; sourceTree = "<group>"; };
		B0475EAB178B7A4C00D0C606 /* pants1.png */ = {isa = PBXFileReference; lastKnownFileType = image.png; path = pants1.png; sourceTree = "<group>"; };
		B0475EAC178B7A4C00D0C606 /* pants2.png */ = {isa = PBXFileReference; lastKnownFileType = image.png; path = pants2.png; sourceTree = "<group>"; };
		B0475EAD178B7A4C00D0C606 /* shirts_m.png */ = {isa = PBXFileReference; lastKnownFileType = image.png; path = shirts_m.png; sourceTree = "<group>"; };
		B0475EAE178B7A4C00D0C606 /* shirts_s.png */ = {isa = PBXFileReference; lastKnownFileType = image.png; path = shirts_s.png; sourceTree = "<group>"; };
		B0475EAF178B7A4C00D0C606 /* shoes1.png */ = {isa = PBXFileReference; lastKnownFileType = image.png; path = shoes1.png; sourceTree = "<group>"; };
		B0475EB0178B7A4C00D0C606 /* shoes2.png */ = {isa = PBXFileReference; lastKnownFileType = image.png; path = shoes2.png; sourceTree = "<group>"; };
		B0475EB2178B7A4C00D0C606 /* 100px.png */ = {isa = PBXFileReference; lastKnownFileType = image.png; path = 100px.png; sourceTree = "<group>"; };
		B0475EB3178B7A4C00D0C606 /* 200px.png */ = {isa = PBXFileReference; lastKnownFileType = image.png; path = 200px.png; sourceTree = "<group>"; };
		B0475EB4178B7A4C00D0C606 /* 300px.png */ = {isa = PBXFileReference; lastKnownFileType = image.png; path = 300px.png; sourceTree = "<group>"; };
		B0475EB5178B7A4C00D0C606 /* 400px.png */ = {isa = PBXFileReference; lastKnownFileType = image.png; path = 400px.png; sourceTree = "<group>"; };
		B0475EB6178B7A4C00D0C606 /* frontpage.jpg */ = {isa = PBXFileReference; lastKnownFileType = image.jpeg; path = frontpage.jpg; sourceTree = "<group>"; };
		B0475EB7178B7A4C00D0C606 /* next.png */ = {isa = PBXFileReference; lastKnownFileType = image.png; path = next.png; sourceTree = "<group>"; };
		B0475EB8178B7A4C00D0C606 /* oneclickcheckout.png */ = {isa = PBXFileReference; lastKnownFileType = image.png; path = oneclickcheckout.png; sourceTree = "<group>"; };
		B0475EB9178B7A4C00D0C606 /* prev.png */ = {isa = PBXFileReference; lastKnownFileType = image.png; path = prev.png; sourceTree = "<group>"; };
		B0475EBA178B7A4C00D0C606 /* wood_pattern.png */ = {isa = PBXFileReference; lastKnownFileType = image.png; path = wood_pattern.png; sourceTree = "<group>"; };
		B0475EBB178B7A4C00D0C606 /* tumblr.png */ = {isa = PBXFileReference; lastKnownFileType = image.png; path = tumblr.png; sourceTree = "<group>"; };
		B0475EBC178B7A4C00D0C606 /* twitter.png */ = {isa = PBXFileReference; lastKnownFileType = image.png; path = twitter.png; sourceTree = "<group>"; };
		B0475EBD178B7A4C00D0C606 /* withings.png */ = {isa = PBXFileReference; lastKnownFileType = image.png; path = withings.png; sourceTree = "<group>"; };
		B0475EBE178B7A4C00D0C606 /* wordpress.png */ = {isa = PBXFileReference; lastKnownFileType = image.png; path = wordpress.png; sourceTree = "<group>"; };
		B0475EBF178B7A4C00D0C606 /* yammer.png */ = {isa = PBXFileReference; lastKnownFileType = image.png; path = yammer.png; sourceTree = "<group>"; };
		B0475EC0178B7A4C00D0C606 /* zeo.png */ = {isa = PBXFileReference; lastKnownFileType = image.png; path = zeo.png; sourceTree = "<group>"; };
		B0E3C140178315010035A0AD /* StylePopz.app */ = {isa = PBXFileReference; explicitFileType = wrapper.application; includeInIndex = 0; path = StylePopz.app; sourceTree = BUILT_PRODUCTS_DIR; };
		B0E3C143178315010035A0AD /* UIKit.framework */ = {isa = PBXFileReference; lastKnownFileType = wrapper.framework; name = UIKit.framework; path = System/Library/Frameworks/UIKit.framework; sourceTree = SDKROOT; };
		B0E3C145178315010035A0AD /* Foundation.framework */ = {isa = PBXFileReference; lastKnownFileType = wrapper.framework; name = Foundation.framework; path = System/Library/Frameworks/Foundation.framework; sourceTree = SDKROOT; };
		B0E3C147178315010035A0AD /* CoreGraphics.framework */ = {isa = PBXFileReference; lastKnownFileType = wrapper.framework; name = CoreGraphics.framework; path = System/Library/Frameworks/CoreGraphics.framework; sourceTree = SDKROOT; };
		B0E3C14B178315010035A0AD /* StylePopz-Info.plist */ = {isa = PBXFileReference; lastKnownFileType = text.plist.xml; path = "StylePopz-Info.plist"; sourceTree = "<group>"; };
		B0E3C14D178315010035A0AD /* en */ = {isa = PBXFileReference; lastKnownFileType = text.plist.strings; name = en; path = en.lproj/InfoPlist.strings; sourceTree = "<group>"; };
		B0E3C14F178315010035A0AD /* main.m */ = {isa = PBXFileReference; lastKnownFileType = sourcecode.c.objc; path = main.m; sourceTree = "<group>"; };
		B0E3C151178315020035A0AD /* StylePopz-Prefix.pch */ = {isa = PBXFileReference; lastKnownFileType = sourcecode.c.h; path = "StylePopz-Prefix.pch"; sourceTree = "<group>"; };
		B0E3C152178315020035A0AD /* SPAppDelegate.h */ = {isa = PBXFileReference; lastKnownFileType = sourcecode.c.h; path = SPAppDelegate.h; sourceTree = "<group>"; };
		B0E3C153178315020035A0AD /* SPAppDelegate.m */ = {isa = PBXFileReference; lastKnownFileType = sourcecode.c.objc; path = SPAppDelegate.m; sourceTree = "<group>"; };
		B0E3C155178315020035A0AD /* Default.png */ = {isa = PBXFileReference; lastKnownFileType = image.png; path = Default.png; sourceTree = "<group>"; };
		B0E3C157178315020035A0AD /* Default@2x.png */ = {isa = PBXFileReference; lastKnownFileType = image.png; path = "Default@2x.png"; sourceTree = "<group>"; };
		B0E3C159178315020035A0AD /* Default-568h@2x.png */ = {isa = PBXFileReference; lastKnownFileType = image.png; path = "Default-568h@2x.png"; sourceTree = "<group>"; };
		B0E3C1621783153E0035A0AD /* StylePopz.h */ = {isa = PBXFileReference; fileEncoding = 4; lastKnownFileType = sourcecode.c.h; path = StylePopz.h; sourceTree = "<group>"; };
		B0E3C1631783153E0035A0AD /* StylePopz.m */ = {isa = PBXFileReference; fileEncoding = 4; lastKnownFileType = sourcecode.c.objc; path = StylePopz.m; sourceTree = "<group>"; };
		B0E3C16A17831A260035A0AD /* SPLoginViewController.h */ = {isa = PBXFileReference; fileEncoding = 4; lastKnownFileType = sourcecode.c.h; path = SPLoginViewController.h; sourceTree = "<group>"; };
		B0E3C16B17831A260035A0AD /* SPLoginViewController.m */ = {isa = PBXFileReference; fileEncoding = 4; lastKnownFileType = sourcecode.c.objc; path = SPLoginViewController.m; sourceTree = "<group>"; };
		B0E3C16D17831B150035A0AD /* bodymedia.png */ = {isa = PBXFileReference; lastKnownFileType = image.png; path = bodymedia.png; sourceTree = "<group>"; };
		B0E3C16E17831B150035A0AD /* calvintage.jpg */ = {isa = PBXFileReference; lastKnownFileType = image.jpeg; path = calvintage.jpg; sourceTree = "<group>"; };
		B0E3C16F17831B150035A0AD /* checkbox.png */ = {isa = PBXFileReference; lastKnownFileType = image.png; path = checkbox.png; sourceTree = "<group>"; };
		B0E3C17017831B150035A0AD /* dropbox.png */ = {isa = PBXFileReference; lastKnownFileType = image.png; path = dropbox.png; sourceTree = "<group>"; };
		B0E3C17117831B150035A0AD /* email.png */ = {isa = PBXFileReference; lastKnownFileType = image.png; path = email.png; sourceTree = "<group>"; };
		B0E3C17217831B150035A0AD /* facebook.png */ = {isa = PBXFileReference; lastKnownFileType = image.png; path = facebook.png; sourceTree = "<group>"; };
		B0E3C17317831B150035A0AD /* female.png */ = {isa = PBXFileReference; lastKnownFileType = image.png; path = female.png; sourceTree = "<group>"; };
		B0E3C17417831B150035A0AD /* fitbit.png */ = {isa = PBXFileReference; lastKnownFileType = image.png; path = fitbit.png; sourceTree = "<group>"; };
		B0E3C17517831B150035A0AD /* flickr.png */ = {isa = PBXFileReference; lastKnownFileType = image.png; path = flickr.png; sourceTree = "<group>"; };
		B0E3C17617831B150035A0AD /* floral.jpg */ = {isa = PBXFileReference; lastKnownFileType = image.jpeg; path = floral.jpg; sourceTree = "<group>"; };
		B0E3C17717831B150035A0AD /* flowery.jpg */ = {isa = PBXFileReference; lastKnownFileType = image.jpeg; path = flowery.jpg; sourceTree = "<group>"; };
		B0E3C17817831B150035A0AD /* foursquare.png */ = {isa = PBXFileReference; lastKnownFileType = image.png; path = foursquare.png; sourceTree = "<group>"; };
		B0E3C17917831B150035A0AD /* github.png */ = {isa = PBXFileReference; lastKnownFileType = image.png; path = github.png; sourceTree = "<group>"; };
		B0E3C17A17831B150035A0AD /* gmail.png */ = {isa = PBXFileReference; lastKnownFileType = image.png; path = gmail.png; sourceTree = "<group>"; };
		B0E3C17B17831B150035A0AD /* instagram.png */ = {isa = PBXFileReference; lastKnownFileType = image.png; path = instagram.png; sourceTree = "<group>"; };
		B0E3C17C17831B150035A0AD /* karinala.jpg */ = {isa = PBXFileReference; lastKnownFileType = image.jpeg; path = karinala.jpg; sourceTree = "<group>"; };
		B0E3C17D17831B150035A0AD /* karinala1.jpg */ = {isa = PBXFileReference; lastKnownFileType = image.jpeg; path = karinala1.jpg; sourceTree = "<group>"; };
		B0E3C17E17831B150035A0AD /* linkedin.png */ = {isa = PBXFileReference; lastKnownFileType = image.png; path = linkedin.png; sourceTree = "<group>"; };
		B0E3C17F17831B150035A0AD /* male.png */ = {isa = PBXFileReference; lastKnownFileType = image.png; path = male.png; sourceTree = "<group>"; };
		B0E3C18017831B150035A0AD /* minus.png */ = {isa = PBXFileReference; lastKnownFileType = image.png; path = minus.png; sourceTree = "<group>"; };
		B0E3C18117831B150035A0AD /* nav-shadow.png */ = {isa = PBXFileReference; lastKnownFileType = image.png; path = "nav-shadow.png"; sourceTree = "<group>"; };
		B0E3C18217831B150035A0AD /* print.jpg */ = {isa = PBXFileReference; lastKnownFileType = image.jpeg; path = print.jpg; sourceTree = "<group>"; };
		B0E3C18317831B150035A0AD /* rose.jpg */ = {isa = PBXFileReference; lastKnownFileType = image.jpeg; path = rose.jpg; sourceTree = "<group>"; };
		B0E3C18417831B150035A0AD /* runkeeper.png */ = {isa = PBXFileReference; lastKnownFileType = image.png; path = runkeeper.png; sourceTree = "<group>"; };
		B0E3C18517831B150035A0AD /* sfstyle.jpg */ = {isa = PBXFileReference; lastKnownFileType = image.jpeg; path = sfstyle.jpg; sourceTree = "<group>"; };
		B0E3C18617831B150035A0AD /* sfstyle1.jpg */ = {isa = PBXFileReference; lastKnownFileType = image.jpeg; path = sfstyle1.jpg; sourceTree = "<group>"; };
		B0E3C18717831B150035A0AD /* singly-logo.png */ = {isa = PBXFileReference; lastKnownFileType = image.png; path = "singly-logo.png"; sourceTree = "<group>"; };
		B0E3C1A317831B1E0035A0AD /* tumblr.png */ = {isa = PBXFileReference; lastKnownFileType = image.png; path = tumblr.png; sourceTree = "<group>"; };
		B0E3C1A417831B1E0035A0AD /* twitter.png */ = {isa = PBXFileReference; lastKnownFileType = image.png; path = twitter.png; sourceTree = "<group>"; };
		B0E3C1A517831B1E0035A0AD /* withings.png */ = {isa = PBXFileReference; lastKnownFileType = image.png; path = withings.png; sourceTree = "<group>"; };
		B0E3C1A617831B1E0035A0AD /* wordpress.png */ = {isa = PBXFileReference; lastKnownFileType = image.png; path = wordpress.png; sourceTree = "<group>"; };
		B0E3C1A717831B1E0035A0AD /* yammer.png */ = {isa = PBXFileReference; lastKnownFileType = image.png; path = yammer.png; sourceTree = "<group>"; };
		B0E3C1A817831B1E0035A0AD /* zeo.png */ = {isa = PBXFileReference; lastKnownFileType = image.png; path = zeo.png; sourceTree = "<group>"; };
		B0E3C1AF17831B250035A0AD /* 100px.png */ = {isa = PBXFileReference; lastKnownFileType = image.png; path = 100px.png; sourceTree = "<group>"; };
		B0E3C1B017831B250035A0AD /* 200px.png */ = {isa = PBXFileReference; lastKnownFileType = image.png; path = 200px.png; sourceTree = "<group>"; };
		B0E3C1B117831B250035A0AD /* 300px.png */ = {isa = PBXFileReference; lastKnownFileType = image.png; path = 300px.png; sourceTree = "<group>"; };
		B0E3C1B217831B250035A0AD /* 400px.png */ = {isa = PBXFileReference; lastKnownFileType = image.png; path = 400px.png; sourceTree = "<group>"; };
		B0E3C1B317831B250035A0AD /* frontpage.jpg */ = {isa = PBXFileReference; lastKnownFileType = image.jpeg; path = frontpage.jpg; sourceTree = "<group>"; };
		B0E3C1B417831B250035A0AD /* next.png */ = {isa = PBXFileReference; lastKnownFileType = image.png; path = next.png; sourceTree = "<group>"; };
		B0E3C1B517831B250035A0AD /* oneclickcheckout.png */ = {isa = PBXFileReference; lastKnownFileType = image.png; path = oneclickcheckout.png; sourceTree = "<group>"; };
		B0E3C1B617831B250035A0AD /* prev.png */ = {isa = PBXFileReference; lastKnownFileType = image.png; path = prev.png; sourceTree = "<group>"; };
		B0E3C1B717831B250035A0AD /* wood_pattern.png */ = {isa = PBXFileReference; lastKnownFileType = image.png; path = wood_pattern.png; sourceTree = "<group>"; };
		B0E3C1C117831BF30035A0AD /* SPSettingsEditViewController.h */ = {isa = PBXFileReference; fileEncoding = 4; lastKnownFileType = sourcecode.c.h; path = SPSettingsEditViewController.h; sourceTree = "<group>"; };
		B0E3C1C217831BF30035A0AD /* SPSettingsEditViewController.m */ = {isa = PBXFileReference; fileEncoding = 4; lastKnownFileType = sourcecode.c.objc; path = SPSettingsEditViewController.m; sourceTree = "<group>"; };
		B0E3C1C417831C570035A0AD /* definitions.h */ = {isa = PBXFileReference; lastKnownFileType = sourcecode.c.h; path = definitions.h; sourceTree = "<group>"; };
		B0E3C1C6178327830035A0AD /* TRFrameMacros.h */ = {isa = PBXFileReference; fileEncoding = 4; lastKnownFileType = sourcecode.c.h; name = TRFrameMacros.h; path = "../../../../Github Branches/NUTRO/TRFrameMacros.h"; sourceTree = "<group>"; };
		B0E3C1C7178327EE0035A0AD /* TRiDevicesMacros.h */ = {isa = PBXFileReference; fileEncoding = 4; lastKnownFileType = sourcecode.c.h; name = TRiDevicesMacros.h; path = "../../../../Github Branches/NUTRO/TRiDevicesMacros.h"; sourceTree = "<group>"; };
		B0F2D03E1783433C00106EBB /* QuartzCore.framework */ = {isa = PBXFileReference; lastKnownFileType = wrapper.framework; name = QuartzCore.framework; path = System/Library/Frameworks/QuartzCore.framework; sourceTree = SDKROOT; };
/* End PBXFileReference section */

/* Begin PBXFrameworksBuildPhase section */
		B0E3C13D178315010035A0AD /* Frameworks */ = {
			isa = PBXFrameworksBuildPhase;
			buildActionMask = 2147483647;
			files = (
				B0F2D03F1783433C00106EBB /* QuartzCore.framework in Frameworks */,
				B0E3C144178315010035A0AD /* UIKit.framework in Frameworks */,
				B0E3C146178315010035A0AD /* Foundation.framework in Frameworks */,
				B0E3C148178315010035A0AD /* CoreGraphics.framework in Frameworks */,
			);
			runOnlyForDeploymentPostprocessing = 0;
		};
/* End PBXFrameworksBuildPhase section */

/* Begin PBXGroup section */
		B03715D31787899500C7ABB6 /* Images */ = {
			isa = PBXGroup;
			children = (
				B0E3C1AF17831B250035A0AD /* 100px.png */,
				B0E3C1B017831B250035A0AD /* 200px.png */,
				B0E3C1B117831B250035A0AD /* 300px.png */,
				B0E3C1B217831B250035A0AD /* 400px.png */,
				B0E3C1B317831B250035A0AD /* frontpage.jpg */,
				B0E3C1B417831B250035A0AD /* next.png */,
				B0E3C1B517831B250035A0AD /* oneclickcheckout.png */,
				B0E3C1B617831B250035A0AD /* prev.png */,
				B0E3C1B717831B250035A0AD /* wood_pattern.png */,
				B0E3C1A317831B1E0035A0AD /* tumblr.png */,
				B0E3C1A417831B1E0035A0AD /* twitter.png */,
				B0E3C1A517831B1E0035A0AD /* withings.png */,
				B0E3C1A617831B1E0035A0AD /* wordpress.png */,
				B0E3C1A717831B1E0035A0AD /* yammer.png */,
				B0E3C1A817831B1E0035A0AD /* zeo.png */,
				B0E3C16D17831B150035A0AD /* bodymedia.png */,
				B0E3C16E17831B150035A0AD /* calvintage.jpg */,
				B0E3C16F17831B150035A0AD /* checkbox.png */,
				B0E3C17017831B150035A0AD /* dropbox.png */,
				B0E3C17117831B150035A0AD /* email.png */,
				B0E3C17217831B150035A0AD /* facebook.png */,
				B0E3C17317831B150035A0AD /* female.png */,
				B0E3C17417831B150035A0AD /* fitbit.png */,
				B0E3C17517831B150035A0AD /* flickr.png */,
				B0E3C17617831B150035A0AD /* floral.jpg */,
				B0E3C17717831B150035A0AD /* flowery.jpg */,
				B0E3C17817831B150035A0AD /* foursquare.png */,
				B0E3C17917831B150035A0AD /* github.png */,
				B0E3C17A17831B150035A0AD /* gmail.png */,
				B0E3C17B17831B150035A0AD /* instagram.png */,
				B0E3C17C17831B150035A0AD /* karinala.jpg */,
				B0E3C17D17831B150035A0AD /* karinala1.jpg */,
				B0E3C17E17831B150035A0AD /* linkedin.png */,
				B0E3C17F17831B150035A0AD /* male.png */,
				B0E3C18017831B150035A0AD /* minus.png */,
				B0E3C18117831B150035A0AD /* nav-shadow.png */,
				B0E3C18217831B150035A0AD /* print.jpg */,
				B0E3C18317831B150035A0AD /* rose.jpg */,
				B0E3C18417831B150035A0AD /* runkeeper.png */,
				B0E3C18517831B150035A0AD /* sfstyle.jpg */,
				B0E3C18617831B150035A0AD /* sfstyle1.jpg */,
				B0E3C18717831B150035A0AD /* singly-logo.png */,
			);
			name = Images;
			sourceTree = "<group>";
		};
		B03715D4178789A400C7ABB6 /* JSON */ = {
			isa = PBXGroup;
			children = (
				B03715D11787899100C7ABB6 /* preferences.json */,
			);
			name = JSON;
			sourceTree = "<group>";
		};
		B0475E82178B7A4C00D0C606 /* More Images */ = {
			isa = PBXGroup;
			children = (
				B0475E83178B7A4C00D0C606 /* bodymedia.png */,
				B0475E84178B7A4C00D0C606 /* calvintage.jpg */,
				B0475E85178B7A4C00D0C606 /* checkbox.png */,
				B0475E86178B7A4C00D0C606 /* colors */,
				B0475E89178B7A4C00D0C606 /* dropbox.png */,
				B0475E8A178B7A4C00D0C606 /* email.png */,
				B0475E8B178B7A4C00D0C606 /* facebook.png */,
				B0475E8C178B7A4C00D0C606 /* female.png */,
				B0475E8D178B7A4C00D0C606 /* fitbit.png */,
				B0475E8E178B7A4C00D0C606 /* flickr.png */,
				B0475E8F178B7A4C00D0C606 /* floral.jpg */,
				B0475E90178B7A4C00D0C606 /* flowery.jpg */,
				B0475E91178B7A4C00D0C606 /* foursquare.png */,
				B0475E92178B7A4C00D0C606 /* github.png */,
				B0475E93178B7A4C00D0C606 /* gmail.png */,
				B0475E94178B7A4C00D0C606 /* instagram.png */,
				B0475E95178B7A4C00D0C606 /* karinala.jpg */,
				B0475E96178B7A4C00D0C606 /* karinala1.jpg */,
				B0475E97178B7A4C00D0C606 /* linkedin.png */,
				B0475E98178B7A4C00D0C606 /* luxury */,
				B0475EA1178B7A4C00D0C606 /* male.png */,
				B0475EA2178B7A4C00D0C606 /* minus.png */,
				B0475EA3178B7A4C00D0C606 /* nav-shadow.png */,
				B0475EA4178B7A4C00D0C606 /* print.jpg */,
				B0475EA5178B7A4C00D0C606 /* rose.jpg */,
				B0475EA6178B7A4C00D0C606 /* runkeeper.png */,
				B0475EA7178B7A4C00D0C606 /* sfstyle.jpg */,
				B0475EA8178B7A4C00D0C606 /* sfstyle1.jpg */,
				B0475EA9178B7A4C00D0C606 /* singly-logo.png */,
				B0475EAA178B7A4C00D0C606 /* sizes */,
				B0475EB1178B7A4C00D0C606 /* stylepopz */,
				B0475EBB178B7A4C00D0C606 /* tumblr.png */,
				B0475EBC178B7A4C00D0C606 /* twitter.png */,
				B0475EBD178B7A4C00D0C606 /* withings.png */,
				B0475EBE178B7A4C00D0C606 /* wordpress.png */,
				B0475EBF178B7A4C00D0C606 /* yammer.png */,
				B0475EC0178B7A4C00D0C606 /* zeo.png */,
			);
			path = "More Images";
			sourceTree = "<group>";
		};
		B0475E86178B7A4C00D0C606 /* colors */ = {
			isa = PBXGroup;
			children = (
				B0475E87178B7A4C00D0C606 /* color_blues.jpg */,
				B0475E88178B7A4C00D0C606 /* color_greens.jpg */,
			);
			path = colors;
			sourceTree = "<group>";
		};
		B0475E98178B7A4C00D0C606 /* luxury */ = {
			isa = PBXGroup;
			children = (
				B0475E99178B7A4C00D0C606 /* fastfashion.jpg */,
				B0475E9A178B7A4C00D0C606 /* fastfashion1.jpg */,
				B0475E9B178B7A4C00D0C606 /* highstreet.jpg */,
				B0475E9C178B7A4C00D0C606 /* highstreet1.jpg */,
				B0475E9D178B7A4C00D0C606 /* indidesigner.jpg */,
				B0475E9E178B7A4C00D0C606 /* indidesigner1.jpg */,
				B0475E9F178B7A4C00D0C606 /* luxurybrands.jpg */,
				B0475EA0178B7A4C00D0C606 /* luxurybrands1.jpg */,
			);
			path = luxury;
			sourceTree = "<group>";
		};
		B0475EAA178B7A4C00D0C606 /* sizes */ = {
			isa = PBXGroup;
			children = (
				B0475EAB178B7A4C00D0C606 /* pants1.png */,
				B0475EAC178B7A4C00D0C606 /* pants2.png */,
				B0475EAD178B7A4C00D0C606 /* shirts_m.png */,
				B0475EAE178B7A4C00D0C606 /* shirts_s.png */,
				B0475EAF178B7A4C00D0C606 /* shoes1.png */,
				B0475EB0178B7A4C00D0C606 /* shoes2.png */,
			);
			path = sizes;
			sourceTree = "<group>";
		};
		B0475EB1178B7A4C00D0C606 /* stylepopz */ = {
			isa = PBXGroup;
			children = (
				B0475EB2178B7A4C00D0C606 /* 100px.png */,
				B0475EB3178B7A4C00D0C606 /* 200px.png */,
				B0475EB4178B7A4C00D0C606 /* 300px.png */,
				B0475EB5178B7A4C00D0C606 /* 400px.png */,
				B0475EB6178B7A4C00D0C606 /* frontpage.jpg */,
				B0475EB7178B7A4C00D0C606 /* next.png */,
				B0475EB8178B7A4C00D0C606 /* oneclickcheckout.png */,
				B0475EB9178B7A4C00D0C606 /* prev.png */,
				B0475EBA178B7A4C00D0C606 /* wood_pattern.png */,
			);
			path = stylepopz;
			sourceTree = "<group>";
		};
		B0E3C137178315010035A0AD = {
			isa = PBXGroup;
			children = (
				B0E3C149178315010035A0AD /* StylePopz */,
				B0E3C161178315210035A0AD /* Dependencies */,
				B0E3C160178315190035A0AD /* Assets */,
				B0E3C142178315010035A0AD /* Frameworks */,
				B0E3C141178315010035A0AD /* Products */,
			);
			sourceTree = "<group>";
		};
		B0E3C141178315010035A0AD /* Products */ = {
			isa = PBXGroup;
			children = (
				B0E3C140178315010035A0AD /* StylePopz.app */,
			);
			name = Products;
			sourceTree = "<group>";
		};
		B0E3C142178315010035A0AD /* Frameworks */ = {
			isa = PBXGroup;
			children = (
				B0F2D03E1783433C00106EBB /* QuartzCore.framework */,
				B0E3C143178315010035A0AD /* UIKit.framework */,
				B0E3C145178315010035A0AD /* Foundation.framework */,
				B0E3C147178315010035A0AD /* CoreGraphics.framework */,
			);
			name = Frameworks;
			sourceTree = "<group>";
		};
		B0E3C149178315010035A0AD /* StylePopz */ = {
			isa = PBXGroup;
			children = (
				B0E3C1C417831C570035A0AD /* definitions.h */,
				B0E3C1621783153E0035A0AD /* StylePopz.h */,
				B0E3C1631783153E0035A0AD /* StylePopz.m */,
				B0E3C152178315020035A0AD /* SPAppDelegate.h */,
				B0E3C153178315020035A0AD /* SPAppDelegate.m */,
				B0E3C168178316500035A0AD /* Login / Sign up */,
				B0E3C1691783165C0035A0AD /* Settings */,
				B0E3C14A178315010035A0AD /* Supporting Files */,
			);
			path = StylePopz;
			sourceTree = "<group>";
		};
		B0E3C14A178315010035A0AD /* Supporting Files */ = {
			isa = PBXGroup;
			children = (
				B0E3C14B178315010035A0AD /* StylePopz-Info.plist */,
				B0E3C14C178315010035A0AD /* InfoPlist.strings */,
				B0E3C14F178315010035A0AD /* main.m */,
				B0E3C151178315020035A0AD /* StylePopz-Prefix.pch */,
				B0E3C155178315020035A0AD /* Default.png */,
				B0E3C157178315020035A0AD /* Default@2x.png */,
				B0E3C159178315020035A0AD /* Default-568h@2x.png */,
			);
			name = "Supporting Files";
			sourceTree = "<group>";
		};
		B0E3C160178315190035A0AD /* Assets */ = {
			isa = PBXGroup;
			children = (
				B0475E82178B7A4C00D0C606 /* More Images */,
				B03715D4178789A400C7ABB6 /* JSON */,
				B03715D31787899500C7ABB6 /* Images */,
			);
			name = Assets;
			sourceTree = "<group>";
		};
		B0E3C161178315210035A0AD /* Dependencies */ = {
			isa = PBXGroup;
			children = (
				B0E3C1C6178327830035A0AD /* TRFrameMacros.h */,
				B0E3C1C7178327EE0035A0AD /* TRiDevicesMacros.h */,
			);
			name = Dependencies;
			sourceTree = "<group>";
		};
		B0E3C168178316500035A0AD /* Login / Sign up */ = {
			isa = PBXGroup;
			children = (
				B0E3C16A17831A260035A0AD /* SPLoginViewController.h */,
				B0E3C16B17831A260035A0AD /* SPLoginViewController.m */,
			);
			name = "Login / Sign up";
			sourceTree = "<group>";
		};
		B0E3C1691783165C0035A0AD /* Settings */ = {
			isa = PBXGroup;
			children = (
				B0E3C1C117831BF30035A0AD /* SPSettingsEditViewController.h */,
				B0E3C1C217831BF30035A0AD /* SPSettingsEditViewController.m */,
			);
			name = Settings;
			sourceTree = "<group>";
		};
/* End PBXGroup section */

/* Begin PBXNativeTarget section */
		B0E3C13F178315010035A0AD /* StylePopz */ = {
			isa = PBXNativeTarget;
			buildConfigurationList = B0E3C15D178315020035A0AD /* Build configuration list for PBXNativeTarget "StylePopz" */;
			buildPhases = (
				B0E3C13C178315010035A0AD /* Sources */,
				B0E3C13D178315010035A0AD /* Frameworks */,
				B0E3C13E178315010035A0AD /* Resources */,
			);
			buildRules = (
			);
			dependencies = (
			);
			name = StylePopz;
			productName = StylePopz;
			productReference = B0E3C140178315010035A0AD /* StylePopz.app */;
			productType = "com.apple.product-type.application";
		};
/* End PBXNativeTarget section */

/* Begin PBXProject section */
		B0E3C138178315010035A0AD /* Project object */ = {
			isa = PBXProject;
			attributes = {
				CLASSPREFIX = SP;
				LastUpgradeCheck = 0460;
				ORGANIZATIONNAME = "Thiago Ricieri";
			};
			buildConfigurationList = B0E3C13B178315010035A0AD /* Build configuration list for PBXProject "StylePopz" */;
			compatibilityVersion = "Xcode 3.2";
			developmentRegion = English;
			hasScannedForEncodings = 0;
			knownRegions = (
				en,
			);
			mainGroup = B0E3C137178315010035A0AD;
			productRefGroup = B0E3C141178315010035A0AD /* Products */;
			projectDirPath = "";
			projectRoot = "";
			targets = (
				B0E3C13F178315010035A0AD /* StylePopz */,
			);
		};
/* End PBXProject section */

/* Begin PBXResourcesBuildPhase section */
		B0E3C13E178315010035A0AD /* Resources */ = {
			isa = PBXResourcesBuildPhase;
			buildActionMask = 2147483647;
			files = (
				B0E3C14E178315010035A0AD /* InfoPlist.strings in Resources */,
				B0E3C156178315020035A0AD /* Default.png in Resources */,
				B0E3C158178315020035A0AD /* Default@2x.png in Resources */,
				B0E3C15A178315020035A0AD /* Default-568h@2x.png in Resources */,
				B0E3C18817831B150035A0AD /* bodymedia.png in Resources */,
				B0E3C18917831B150035A0AD /* calvintage.jpg in Resources */,
				B0E3C18A17831B150035A0AD /* checkbox.png in Resources */,
				B0E3C18B17831B150035A0AD /* dropbox.png in Resources */,
				B0E3C18C17831B150035A0AD /* email.png in Resources */,
				B0E3C18D17831B150035A0AD /* facebook.png in Resources */,
				B0E3C18E17831B150035A0AD /* female.png in Resources */,
				B0E3C18F17831B150035A0AD /* fitbit.png in Resources */,
				B0E3C19017831B150035A0AD /* flickr.png in Resources */,
				B0E3C19117831B150035A0AD /* floral.jpg in Resources */,
				B0E3C19217831B150035A0AD /* flowery.jpg in Resources */,
				B0E3C19317831B150035A0AD /* foursquare.png in Resources */,
				B0E3C19417831B150035A0AD /* github.png in Resources */,
				B0E3C19517831B150035A0AD /* gmail.png in Resources */,
				B0E3C19617831B150035A0AD /* instagram.png in Resources */,
				B0E3C19717831B150035A0AD /* karinala.jpg in Resources */,
				B0E3C19817831B150035A0AD /* karinala1.jpg in Resources */,
				B0E3C19917831B150035A0AD /* linkedin.png in Resources */,
				B0E3C19A17831B150035A0AD /* male.png in Resources */,
				B0E3C19B17831B150035A0AD /* minus.png in Resources */,
				B0E3C19C17831B150035A0AD /* nav-shadow.png in Resources */,
				B0E3C19D17831B150035A0AD /* print.jpg in Resources */,
				B0E3C19E17831B150035A0AD /* rose.jpg in Resources */,
				B0E3C19F17831B150035A0AD /* runkeeper.png in Resources */,
				B0E3C1A017831B150035A0AD /* sfstyle.jpg in Resources */,
				B0E3C1A117831B150035A0AD /* sfstyle1.jpg in Resources */,
				B0E3C1A217831B150035A0AD /* singly-logo.png in Resources */,
				B0E3C1A917831B1E0035A0AD /* tumblr.png in Resources */,
				B0E3C1AA17831B1E0035A0AD /* twitter.png in Resources */,
				B0E3C1AB17831B1E0035A0AD /* withings.png in Resources */,
				B0E3C1AC17831B1E0035A0AD /* wordpress.png in Resources */,
				B0E3C1AD17831B1E0035A0AD /* yammer.png in Resources */,
				B0E3C1AE17831B1E0035A0AD /* zeo.png in Resources */,
				B0E3C1B817831B250035A0AD /* 100px.png in Resources */,
				B0E3C1B917831B250035A0AD /* 200px.png in Resources */,
				B0E3C1BA17831B250035A0AD /* 300px.png in Resources */,
				B0E3C1BB17831B250035A0AD /* 400px.png in Resources */,
				B0E3C1BC17831B250035A0AD /* frontpage.jpg in Resources */,
				B0E3C1BD17831B250035A0AD /* next.png in Resources */,
				B0E3C1BE17831B250035A0AD /* oneclickcheckout.png in Resources */,
				B0E3C1BF17831B250035A0AD /* prev.png in Resources */,
				B0E3C1C017831B250035A0AD /* wood_pattern.png in Resources */,
				B03715D21787899100C7ABB6 /* preferences.json in Resources */,
				B0475EC1178B7A4C00D0C606 /* bodymedia.png in Resources */,
				B0475EC2178B7A4C00D0C606 /* calvintage.jpg in Resources */,
				B0475EC3178B7A4C00D0C606 /* checkbox.png in Resources */,
				B0475EC4178B7A4C00D0C606 /* color_blues.jpg in Resources */,
				B0475EC5178B7A4C00D0C606 /* color_greens.jpg in Resources */,
				B0475EC6178B7A4C00D0C606 /* dropbox.png in Resources */,
				B0475EC7178B7A4C00D0C606 /* email.png in Resources */,
				B0475EC8178B7A4C00D0C606 /* facebook.png in Resources */,
				B0475EC9178B7A4C00D0C606 /* female.png in Resources */,
				B0475ECA178B7A4C00D0C606 /* fitbit.png in Resources */,
				B0475ECB178B7A4C00D0C606 /* flickr.png in Resources */,
				B0475ECC178B7A4C00D0C606 /* floral.jpg in Resources */,
				B0475ECD178B7A4C00D0C606 /* flowery.jpg in Resources */,
				B0475ECE178B7A4C00D0C606 /* foursquare.png in Resources */,
				B0475ECF178B7A4C00D0C606 /* github.png in Resources */,
				B0475ED0178B7A4C00D0C606 /* gmail.png in Resources */,
				B0475ED1178B7A4C00D0C606 /* instagram.png in Resources */,
				B0475ED2178B7A4C00D0C606 /* karinala.jpg in Resources */,
				B0475ED3178B7A4C00D0C606 /* karinala1.jpg in Resources */,
				B0475ED4178B7A4C00D0C606 /* linkedin.png in Resources */,
				B0475ED5178B7A4C00D0C606 /* fastfashion.jpg in Resources */,
				B0475ED6178B7A4C00D0C606 /* fastfashion1.jpg in Resources */,
				B0475ED7178B7A4C00D0C606 /* highstreet.jpg in Resources */,
				B0475ED8178B7A4C00D0C606 /* highstreet1.jpg in Resources */,
				B0475ED9178B7A4C00D0C606 /* indidesigner.jpg in Resources */,
				B0475EDA178B7A4C00D0C606 /* indidesigner1.jpg in Resources */,
				B0475EDB178B7A4C00D0C606 /* luxurybrands.jpg in Resources */,
				B0475EDC178B7A4C00D0C606 /* luxurybrands1.jpg in Resources */,
				B0475EDD178B7A4C00D0C606 /* male.png in Resources */,
				B0475EDE178B7A4C00D0C606 /* minus.png in Resources */,
				B0475EDF178B7A4C00D0C606 /* nav-shadow.png in Resources */,
				B0475EE0178B7A4C00D0C606 /* print.jpg in Resources */,
				B0475EE1178B7A4C00D0C606 /* rose.jpg in Resources */,
				B0475EE2178B7A4C00D0C606 /* runkeeper.png in Resources */,
				B0475EE3178B7A4C00D0C606 /* sfstyle.jpg in Resources */,
				B0475EE4178B7A4C00D0C606 /* sfstyle1.jpg in Resources */,
				B0475EE5178B7A4C00D0C606 /* singly-logo.png in Resources */,
				B0475EE6178B7A4C00D0C606 /* pants1.png in Resources */,
				B0475EE7178B7A4C00D0C606 /* pants2.png in Resources */,
				B0475EE8178B7A4C00D0C606 /* shirts_m.png in Resources */,
				B0475EE9178B7A4C00D0C606 /* shirts_s.png in Resources */,
				B0475EEA178B7A4C00D0C606 /* shoes1.png in Resources */,
				B0475EEB178B7A4C00D0C606 /* shoes2.png in Resources */,
				B0475EEC178B7A4C00D0C606 /* 100px.png in Resources */,
				B0475EED178B7A4C00D0C606 /* 200px.png in Resources */,
				B0475EEE178B7A4C00D0C606 /* 300px.png in Resources */,
				B0475EEF178B7A4C00D0C606 /* 400px.png in Resources */,
				B0475EF0178B7A4C00D0C606 /* frontpage.jpg in Resources */,
				B0475EF1178B7A4C00D0C606 /* next.png in Resources */,
				B0475EF2178B7A4C00D0C606 /* oneclickcheckout.png in Resources */,
				B0475EF3178B7A4C00D0C606 /* prev.png in Resources */,
				B0475EF4178B7A4C00D0C606 /* wood_pattern.png in Resources */,
				B0475EF5178B7A4C00D0C606 /* tumblr.png in Resources */,
				B0475EF6178B7A4C00D0C606 /* twitter.png in Resources */,
				B0475EF7178B7A4C00D0C606 /* withings.png in Resources */,
				B0475EF8178B7A4C00D0C606 /* wordpress.png in Resources */,
				B0475EF9178B7A4C00D0C606 /* yammer.png in Resources */,
				B0475EFA178B7A4C00D0C606 /* zeo.png in Resources */,
			);
			runOnlyForDeploymentPostprocessing = 0;
		};
/* End PBXResourcesBuildPhase section */

/* Begin PBXSourcesBuildPhase section */
		B0E3C13C178315010035A0AD /* Sources */ = {
			isa = PBXSourcesBuildPhase;
			buildActionMask = 2147483647;
			files = (
				B0E3C150178315020035A0AD /* main.m in Sources */,
				B0E3C154178315020035A0AD /* SPAppDelegate.m in Sources */,
				B0E3C1641783153E0035A0AD /* StylePopz.m in Sources */,
				B0E3C16C17831A260035A0AD /* SPLoginViewController.m in Sources */,
				B0E3C1C317831BF30035A0AD /* SPSettingsEditViewController.m in Sources */,
			);
			runOnlyForDeploymentPostprocessing = 0;
		};
/* End PBXSourcesBuildPhase section */

/* Begin PBXVariantGroup section */
		B0E3C14C178315010035A0AD /* InfoPlist.strings */ = {
			isa = PBXVariantGroup;
			children = (
				B0E3C14D178315010035A0AD /* en */,
			);
			name = InfoPlist.strings;
			sourceTree = "<group>";
		};
/* End PBXVariantGroup section */

/* Begin XCBuildConfiguration section */
		B0E3C15B178315020035A0AD /* Debug */ = {
			isa = XCBuildConfiguration;
			buildSettings = {
				ALWAYS_SEARCH_USER_PATHS = NO;
				CLANG_CXX_LANGUAGE_STANDARD = "gnu++0x";
				CLANG_CXX_LIBRARY = "libc++";
				CLANG_ENABLE_OBJC_ARC = YES;
				CLANG_WARN_CONSTANT_CONVERSION = YES;
				CLANG_WARN_EMPTY_BODY = YES;
				CLANG_WARN_ENUM_CONVERSION = YES;
				CLANG_WARN_INT_CONVERSION = YES;
				CLANG_WARN__DUPLICATE_METHOD_MATCH = YES;
				"CODE_SIGN_IDENTITY[sdk=iphoneos*]" = "iPhone Developer";
				COPY_PHASE_STRIP = NO;
				GCC_C_LANGUAGE_STANDARD = gnu99;
				GCC_DYNAMIC_NO_PIC = NO;
				GCC_OPTIMIZATION_LEVEL = 0;
				GCC_PREPROCESSOR_DEFINITIONS = (
					"DEBUG=1",
					"$(inherited)",
				);
				GCC_SYMBOLS_PRIVATE_EXTERN = NO;
				GCC_WARN_ABOUT_RETURN_TYPE = YES;
				GCC_WARN_UNINITIALIZED_AUTOS = YES;
				GCC_WARN_UNUSED_VARIABLE = YES;
				IPHONEOS_DEPLOYMENT_TARGET = 6.1;
				ONLY_ACTIVE_ARCH = YES;
				SDKROOT = iphoneos;
			};
			name = Debug;
		};
		B0E3C15C178315020035A0AD /* Release */ = {
			isa = XCBuildConfiguration;
			buildSettings = {
				ALWAYS_SEARCH_USER_PATHS = NO;
				CLANG_CXX_LANGUAGE_STANDARD = "gnu++0x";
				CLANG_CXX_LIBRARY = "libc++";
				CLANG_ENABLE_OBJC_ARC = YES;
				CLANG_WARN_CONSTANT_CONVERSION = YES;
				CLANG_WARN_EMPTY_BODY = YES;
				CLANG_WARN_ENUM_CONVERSION = YES;
				CLANG_WARN_INT_CONVERSION = YES;
				CLANG_WARN__DUPLICATE_METHOD_MATCH = YES;
				"CODE_SIGN_IDENTITY[sdk=iphoneos*]" = "iPhone Developer";
				COPY_PHASE_STRIP = YES;
				GCC_C_LANGUAGE_STANDARD = gnu99;
				GCC_WARN_ABOUT_RETURN_TYPE = YES;
				GCC_WARN_UNINITIALIZED_AUTOS = YES;
				GCC_WARN_UNUSED_VARIABLE = YES;
				IPHONEOS_DEPLOYMENT_TARGET = 6.1;
				OTHER_CFLAGS = "-DNS_BLOCK_ASSERTIONS=1";
				SDKROOT = iphoneos;
				VALIDATE_PRODUCT = YES;
			};
			name = Release;
		};
		B0E3C15E178315020035A0AD /* Debug */ = {
			isa = XCBuildConfiguration;
			buildSettings = {
				GCC_PRECOMPILE_PREFIX_HEADER = YES;
				GCC_PREFIX_HEADER = "StylePopz/StylePopz-Prefix.pch";
				INFOPLIST_FILE = "StylePopz/StylePopz-Info.plist";
				PRODUCT_NAME = "$(TARGET_NAME)";
				WRAPPER_EXTENSION = app;
			};
			name = Debug;
		};
		B0E3C15F178315020035A0AD /* Release */ = {
			isa = XCBuildConfiguration;
			buildSettings = {
				GCC_PRECOMPILE_PREFIX_HEADER = YES;
				GCC_PREFIX_HEADER = "StylePopz/StylePopz-Prefix.pch";
				INFOPLIST_FILE = "StylePopz/StylePopz-Info.plist";
				PRODUCT_NAME = "$(TARGET_NAME)";
				WRAPPER_EXTENSION = app;
			};
			name = Release;
		};
/* End XCBuildConfiguration section */

/* Begin XCConfigurationList section */
		B0E3C13B178315010035A0AD /* Build configuration list for PBXProject "StylePopz" */ = {
			isa = XCConfigurationList;
			buildConfigurations = (
				B0E3C15B178315020035A0AD /* Debug */,
				B0E3C15C178315020035A0AD /* Release */,
			);
			defaultConfigurationIsVisible = 0;
			defaultConfigurationName = Release;
		};
		B0E3C15D178315020035A0AD /* Build configuration list for PBXNativeTarget "StylePopz" */ = {
			isa = XCConfigurationList;
			buildConfigurations = (
				B0E3C15E178315020035A0AD /* Debug */,
				B0E3C15F178315020035A0AD /* Release */,
			);
			defaultConfigurationIsVisible = 0;
			defaultConfigurationName = Release;
		};
/* End XCConfigurationList section */
	};
	rootObject = B0E3C138178315010035A0AD /* Project object */;
}
